
Microsoft Visual Studio Solution File, Format Version 12.00
# Visual Studio Version 16
VisualStudioVersion = 16.0.29709.97
MinimumVisualStudioVersion = 10.0.40219.1
Project("{FAE04EC0-301F-11D3-BF4B-00C04F79EFBC}") = "Beavergnaw", "Beavergnaw\Beavergnaw.csproj", "{AB6DA518-5BFF-402E-BBE2-7AC38BC343F3}"
EndProject
Global
	GlobalSection(SolutionConfigurationPlatforms) = preSolution
		Debug|Any CPU = Debug|Any CPU
		Release|Any CPU = Release|Any CPU
	EndGlobalSection
	GlobalSection(ProjectConfigurationPlatforms) = postSolution
		{AB6DA518-5BFF-402E-BBE2-7AC38BC343F3}.Debug|Any CPU.ActiveCfg = Debug|Any CPU
		{AB6DA518-5BFF-402E-BBE2-7AC38BC343F3}.Debug|Any CPU.Build.0 = Debug|Any CPU
		{AB6DA518-5BFF-402E-BBE2-7AC38BC343F3}.Release|Any CPU.ActiveCfg = Release|Any CPU
		{AB6DA518-5BFF-402E-BBE2-7AC38BC343F3}.Release|Any CPU.Build.0 = Release|Any CPU
	EndGlobalSection
	GlobalSection(SolutionProperties) = preSolution
		HideSolutionNode = FALSE
	EndGlobalSection
	GlobalSection(ExtensibilityGlobals) = postSolution
		SolutionGuid = {037308AC-B5D4-439A-BC86-3F2FC5CC2381}
	EndGlobalSection
EndGlobal
